
Microsoft Visual Studio Solution File, Format Version 12.00
# Visual Studio Version 17
VisualStudioVersion = 17.5.002.0
MinimumVisualStudioVersion = 10.0.40219.1
Project("{2150E333-8FDC-42A3-9474-1A3956D46DE8}") = "sandbox", "sandbox", "{ACECE952-A498-44C7-B73E-80FD2E8C43A8}"
EndProject
Project("{9A19103F-16F7-4668-BE54-9A1E7A4F7556}") = "sandbox_project", "sandbox\sandbox_project\sandbox_project.csproj", "{47305B70-C40C-4BFC-A29C-2D298FD5ECCF}"
EndProject
Project("{2150E333-8FDC-42A3-9474-1A3956D46DE8}") = "week01", "week01", "{E5DCB121-55C0-4FE3-888D-E2F1C88030AA}"
EndProject
Project("{9A19103F-16F7-4668-BE54-9A1E7A4F7556}") = "analyze", "week01\analyze\analyze.csproj", "{37376FA0-6FAD-4293-940D-6D351EDD7D90}"
EndProject
Project("{9A19103F-16F7-4668-BE54-9A1E7A4F7556}") = "code", "week01\code\code.csproj", "{08BA396C-AD6D-4FCE-BB23-2DF938847E0E}"
EndProject
Project("{9A19103F-16F7-4668-BE54-9A1E7A4F7556}") = "teach", "week01\teach\teach.csproj", "{BBDF0A0C-7BB7-41A7-B4D0-3894CD07B63E}"
EndProject
Project("{2150E333-8FDC-42A3-9474-1A3956D46DE8}") = "week02", "week02", "{3A447745-633F-4EF1-97F8-5228A2D1F988}"
EndProject
Project("{9A19103F-16F7-4668-BE54-9A1E7A4F7556}") = "analyze", "week02\analyze\analyze.csproj", "{F5232A79-DAD5-4457-A568-3A674AE95B1B}"
EndProject
Project("{9A19103F-16F7-4668-BE54-9A1E7A4F7556}") = "code", "week02\code\code.csproj", "{B4925821-4255-413B-A7A0-98DAA70BE964}"
EndProject
Project("{9A19103F-16F7-4668-BE54-9A1E7A4F7556}") = "learn", "week02\learn\learn.csproj", "{B1935206-6BCD-452F-80C2-B6D03A917D5F}"
EndProject
Project("{9A19103F-16F7-4668-BE54-9A1E7A4F7556}") = "teach", "week02\teach\teach.csproj", "{0FCE3737-C44D-4758-BFF8-E604BCD44244}"
EndProject
Project("{2150E333-8FDC-42A3-9474-1A3956D46DE8}") = "week03", "week03", "{F61DBE5A-9546-4E21-A21E-45768A079739}"
EndProject
Project("{9A19103F-16F7-4668-BE54-9A1E7A4F7556}") = "code", "week03\code\code.csproj", "{AB344824-F0D3-4328-95EB-8DA0ED633E31}"
EndProject
Project("{9A19103F-16F7-4668-BE54-9A1E7A4F7556}") = "learn", "week03\learn\learn.csproj", "{38FA0629-AB90-4535-BF8F-AF109EEE6246}"
EndProject
Project("{9A19103F-16F7-4668-BE54-9A1E7A4F7556}") = "teach", "week03\teach\teach.csproj", "{5A3A4D58-6864-4724-B3A3-461DFF0B9B2F}"
EndProject
Project("{2150E333-8FDC-42A3-9474-1A3956D46DE8}") = "week04", "week04", "{C072919F-20F5-4449-BAAB-C47F970E2F2D}"
EndProject
Project("{9A19103F-16F7-4668-BE54-9A1E7A4F7556}") = "code", "week04\code\code.csproj", "{E4994818-B350-481A-8525-AEF0BA04188D}"
EndProject
Project("{2150E333-8FDC-42A3-9474-1A3956D46DE8}") = "week05", "week05", "{E9B5E1B3-62E4-4390-A4E6-0E0F9697EB3D}"
EndProject
Project("{9A19103F-16F7-4668-BE54-9A1E7A4F7556}") = "code", "week05\code\code.csproj", "{47212C3E-EED4-40C7-9500-25B880DF69DF}"
EndProject
Project("{2150E333-8FDC-42A3-9474-1A3956D46DE8}") = "week06", "week06", "{1A2378C8-468C-4A57-91FC-9FB7DF59B951}"
EndProject
Project("{9A19103F-16F7-4668-BE54-9A1E7A4F7556}") = "code", "week06\code\code.csproj", "{9EFDD358-87ED-40B5-A7FA-B5A496F50C37}"
EndProject
Global
	GlobalSection(SolutionConfigurationPlatforms) = preSolution
		Debug|Any CPU = Debug|Any CPU
		Release|Any CPU = Release|Any CPU
	EndGlobalSection
	GlobalSection(ProjectConfigurationPlatforms) = postSolution
		{47305B70-C40C-4BFC-A29C-2D298FD5ECCF}.Debug|Any CPU.ActiveCfg = Debug|Any CPU
		{47305B70-C40C-4BFC-A29C-2D298FD5ECCF}.Debug|Any CPU.Build.0 = Debug|Any CPU
		{47305B70-C40C-4BFC-A29C-2D298FD5ECCF}.Release|Any CPU.ActiveCfg = Release|Any CPU
		{47305B70-C40C-4BFC-A29C-2D298FD5ECCF}.Release|Any CPU.Build.0 = Release|Any CPU
		{37376FA0-6FAD-4293-940D-6D351EDD7D90}.Debug|Any CPU.ActiveCfg = Debug|Any CPU
		{37376FA0-6FAD-4293-940D-6D351EDD7D90}.Debug|Any CPU.Build.0 = Debug|Any CPU
		{37376FA0-6FAD-4293-940D-6D351EDD7D90}.Release|Any CPU.ActiveCfg = Release|Any CPU
		{37376FA0-6FAD-4293-940D-6D351EDD7D90}.Release|Any CPU.Build.0 = Release|Any CPU
		{08BA396C-AD6D-4FCE-BB23-2DF938847E0E}.Debug|Any CPU.ActiveCfg = Debug|Any CPU
		{08BA396C-AD6D-4FCE-BB23-2DF938847E0E}.Debug|Any CPU.Build.0 = Debug|Any CPU
		{08BA396C-AD6D-4FCE-BB23-2DF938847E0E}.Release|Any CPU.ActiveCfg = Release|Any CPU
		{08BA396C-AD6D-4FCE-BB23-2DF938847E0E}.Release|Any CPU.Build.0 = Release|Any CPU
		{BBDF0A0C-7BB7-41A7-B4D0-3894CD07B63E}.Debug|Any CPU.ActiveCfg = Debug|Any CPU
		{BBDF0A0C-7BB7-41A7-B4D0-3894CD07B63E}.Debug|Any CPU.Build.0 = Debug|Any CPU
		{BBDF0A0C-7BB7-41A7-B4D0-3894CD07B63E}.Release|Any CPU.ActiveCfg = Release|Any CPU
		{BBDF0A0C-7BB7-41A7-B4D0-3894CD07B63E}.Release|Any CPU.Build.0 = Release|Any CPU
		{F5232A79-DAD5-4457-A568-3A674AE95B1B}.Debug|Any CPU.ActiveCfg = Debug|Any CPU
		{F5232A79-DAD5-4457-A568-3A674AE95B1B}.Debug|Any CPU.Build.0 = Debug|Any CPU
		{F5232A79-DAD5-4457-A568-3A674AE95B1B}.Release|Any CPU.ActiveCfg = Release|Any CPU
		{F5232A79-DAD5-4457-A568-3A674AE95B1B}.Release|Any CPU.Build.0 = Release|Any CPU
		{B4925821-4255-413B-A7A0-98DAA70BE964}.Debug|Any CPU.ActiveCfg = Debug|Any CPU
		{B4925821-4255-413B-A7A0-98DAA70BE964}.Debug|Any CPU.Build.0 = Debug|Any CPU
		{B4925821-4255-413B-A7A0-98DAA70BE964}.Release|Any CPU.ActiveCfg = Release|Any CPU
		{B4925821-4255-413B-A7A0-98DAA70BE964}.Release|Any CPU.Build.0 = Release|Any CPU
		{B1935206-6BCD-452F-80C2-B6D03A917D5F}.Debug|Any CPU.ActiveCfg = Debug|Any CPU
		{B1935206-6BCD-452F-80C2-B6D03A917D5F}.Debug|Any CPU.Build.0 = Debug|Any CPU
		{B1935206-6BCD-452F-80C2-B6D03A917D5F}.Release|Any CPU.ActiveCfg = Release|Any CPU
		{B1935206-6BCD-452F-80C2-B6D03A917D5F}.Release|Any CPU.Build.0 = Release|Any CPU
		{0FCE3737-C44D-4758-BFF8-E604BCD44244}.Debug|Any CPU.ActiveCfg = Debug|Any CPU
		{0FCE3737-C44D-4758-BFF8-E604BCD44244}.Debug|Any CPU.Build.0 = Debug|Any CPU
		{0FCE3737-C44D-4758-BFF8-E604BCD44244}.Release|Any CPU.ActiveCfg = Release|Any CPU
		{0FCE3737-C44D-4758-BFF8-E604BCD44244}.Release|Any CPU.Build.0 = Release|Any CPU
		{AB344824-F0D3-4328-95EB-8DA0ED633E31}.Debug|Any CPU.ActiveCfg = Debug|Any CPU
		{AB344824-F0D3-4328-95EB-8DA0ED633E31}.Debug|Any CPU.Build.0 = Debug|Any CPU
		{AB344824-F0D3-4328-95EB-8DA0ED633E31}.Release|Any CPU.ActiveCfg = Release|Any CPU
		{AB344824-F0D3-4328-95EB-8DA0ED633E31}.Release|Any CPU.Build.0 = Release|Any CPU
		{38FA0629-AB90-4535-BF8F-AF109EEE6246}.Debug|Any CPU.ActiveCfg = Debug|Any CPU
		{38FA0629-AB90-4535-BF8F-AF109EEE6246}.Debug|Any CPU.Build.0 = Debug|Any CPU
		{38FA0629-AB90-4535-BF8F-AF109EEE6246}.Release|Any CPU.ActiveCfg = Release|Any CPU
		{38FA0629-AB90-4535-BF8F-AF109EEE6246}.Release|Any CPU.Build.0 = Release|Any CPU
		{5A3A4D58-6864-4724-B3A3-461DFF0B9B2F}.Debug|Any CPU.ActiveCfg = Debug|Any CPU
		{5A3A4D58-6864-4724-B3A3-461DFF0B9B2F}.Debug|Any CPU.Build.0 = Debug|Any CPU
		{5A3A4D58-6864-4724-B3A3-461DFF0B9B2F}.Release|Any CPU.ActiveCfg = Release|Any CPU
		{5A3A4D58-6864-4724-B3A3-461DFF0B9B2F}.Release|Any CPU.Build.0 = Release|Any CPU
		{E4994818-B350-481A-8525-AEF0BA04188D}.Debug|Any CPU.ActiveCfg = Debug|Any CPU
		{E4994818-B350-481A-8525-AEF0BA04188D}.Debug|Any CPU.Build.0 = Debug|Any CPU
		{E4994818-B350-481A-8525-AEF0BA04188D}.Release|Any CPU.ActiveCfg = Release|Any CPU
		{E4994818-B350-481A-8525-AEF0BA04188D}.Release|Any CPU.Build.0 = Release|Any CPU
		{47212C3E-EED4-40C7-9500-25B880DF69DF}.Debug|Any CPU.ActiveCfg = Debug|Any CPU
		{47212C3E-EED4-40C7-9500-25B880DF69DF}.Debug|Any CPU.Build.0 = Debug|Any CPU
		{47212C3E-EED4-40C7-9500-25B880DF69DF}.Release|Any CPU.ActiveCfg = Release|Any CPU
		{47212C3E-EED4-40C7-9500-25B880DF69DF}.Release|Any CPU.Build.0 = Release|Any CPU
		{9EFDD358-87ED-40B5-A7FA-B5A496F50C37}.Debug|Any CPU.ActiveCfg = Debug|Any CPU
		{9EFDD358-87ED-40B5-A7FA-B5A496F50C37}.Debug|Any CPU.Build.0 = Debug|Any CPU
		{9EFDD358-87ED-40B5-A7FA-B5A496F50C37}.Release|Any CPU.ActiveCfg = Release|Any CPU
		{9EFDD358-87ED-40B5-A7FA-B5A496F50C37}.Release|Any CPU.Build.0 = Release|Any CPU
	EndGlobalSection
	GlobalSection(SolutionProperties) = preSolution
		HideSolutionNode = FALSE
	EndGlobalSection
	GlobalSection(NestedProjects) = preSolution
		{47305B70-C40C-4BFC-A29C-2D298FD5ECCF} = {ACECE952-A498-44C7-B73E-80FD2E8C43A8}
		{37376FA0-6FAD-4293-940D-6D351EDD7D90} = {E5DCB121-55C0-4FE3-888D-E2F1C88030AA}
		{08BA396C-AD6D-4FCE-BB23-2DF938847E0E} = {E5DCB121-55C0-4FE3-888D-E2F1C88030AA}
		{BBDF0A0C-7BB7-41A7-B4D0-3894CD07B63E} = {E5DCB121-55C0-4FE3-888D-E2F1C88030AA}
		{F5232A79-DAD5-4457-A568-3A674AE95B1B} = {3A447745-633F-4EF1-97F8-5228A2D1F988}
		{B4925821-4255-413B-A7A0-98DAA70BE964} = {3A447745-633F-4EF1-97F8-5228A2D1F988}
		{B1935206-6BCD-452F-80C2-B6D03A917D5F} = {3A447745-633F-4EF1-97F8-5228A2D1F988}
		{0FCE3737-C44D-4758-BFF8-E604BCD44244} = {3A447745-633F-4EF1-97F8-5228A2D1F988}
		{AB344824-F0D3-4328-95EB-8DA0ED633E31} = {F61DBE5A-9546-4E21-A21E-45768A079739}
		{38FA0629-AB90-4535-BF8F-AF109EEE6246} = {F61DBE5A-9546-4E21-A21E-45768A079739}
		{5A3A4D58-6864-4724-B3A3-461DFF0B9B2F} = {F61DBE5A-9546-4E21-A21E-45768A079739}
		{E4994818-B350-481A-8525-AEF0BA04188D} = {C072919F-20F5-4449-BAAB-C47F970E2F2D}
		{47212C3E-EED4-40C7-9500-25B880DF69DF} = {E9B5E1B3-62E4-4390-A4E6-0E0F9697EB3D}
		{9EFDD358-87ED-40B5-A7FA-B5A496F50C37} = {1A2378C8-468C-4A57-91FC-9FB7DF59B951}
	EndGlobalSection
	GlobalSection(ExtensibilityGlobals) = postSolution
		SolutionGuid = {004F74A5-724F-4EC0-B3E9-832D632CD330}
	EndGlobalSection
EndGlobal
